{
  "name": "brx-edunexa",
  "version": "0.1.0",
  "lockfileVersion": 3,
  "requires": true,
  "packages": {
    "": {
      "name": "brx-edunexa",
      "version": "0.1.0",
      "workspaces": [
        "apps/web",
        "apps/api",
        "packages/types",
        "packages/ui",
        "packages/config",
        "packages/utils"
      ],
      "engines": {
        "node": ">=24"
      }
    },
    "node_modules/@brx/config": {
      "resolved": "packages/config",
      "link": true
    },
    "node_modules/@brx/types": {
      "resolved": "packages/types",
      "link": true
    },
    "node_modules/@brx/ui": {
      "resolved": "packages/ui",
      "link": true
    },
    "node_modules/@brx/utils": {
      "resolved": "packages/utils",
      "link": true
    },
    "packages/config": {
      "name": "@brx/config",
      "version": "0.1.0"
    },
    "packages/types": {
      "name": "@brx/types",
      "version": "0.1.0"
    },
    "packages/ui": {
      "name": "@brx/ui",
      "version": "0.1.0"
    },
    "packages/utils": {
      "name": "@brx/utils",
      "version": "0.1.0"
    }
  }
}
